# This file is automatically @generated by Poetry 2.1.3 and should not be changed by hand.

[[package]]
name = "dotenv"
version = "0.9.9"
description = "Deprecated package"
optional = false
python-versions = "*"
groups = ["main"]
files = [
    {file = "dotenv-0.9.9-py2.py3-none-any.whl", hash = "sha256:29cf74a087b31dafdb5a446b6d7e11cbce8ed2741540e2339c69fbef92c94ce9"},
]

[package.dependencies]
python-dotenv = "*"

[[package]]
name = "imapclient"
version = "3.0.1"
description = "Easy-to-use, Pythonic and complete IMAP client library"
optional = false
python-versions = ">=3.7.0"
groups = ["main"]
files = [
    {file = "IMAPClient-3.0.1-py2.py3-none-any.whl", hash = "sha256:d77d77caa4123e0233b5cf2b9c54a078522e63270b88d3f48653a28637fd8828"},
    {file = "IMAPClient-3.0.1.zip", hash = "sha256:78e6d62fbfbbe233e1f0e0e993160fd665eb1fd35973acddc61c15719b22bc02"},
]

[package.extras]
doc = ["sphinx"]

[[package]]
name = "python-dotenv"
version = "1.1.1"
description = "Read key-value pairs from a .env file and set them as environment variables"
optional = false
python-versions = ">=3.9"
groups = ["main"]
files = [
    {file = "python_dotenv-1.1.1-py3-none-any.whl", hash = "sha256:31f23644fe2602f88ff55e1f5c79ba497e01224ee7737937930c448e4d0e24dc"},
    {file = "python_dotenv-1.1.1.tar.gz", hash = "sha256:a8a6399716257f45be6a007360200409fce5cda2661e3dec71d23dc15f6189ab"},
]

[package.extras]
cli = ["click (>=5.0)"]

[metadata]
lock-version = "2.1"
python-versions = "^3.9"
content-hash = "c0ff3d13d3e24968c104228a47b8e856e37f74c22a36cce069239557c5a59c21"
